
Microsoft Visual Studio Solution File, Format Version 11.00
# Visual Studio 2010
Project("{2150E333-8FDC-42A3-9474-1A3956D46DE8}") = "Abstract", "Abstract", "{0434D567-18D6-4E7E-BA01-E06D99F63716}"
	ProjectSection(SolutionItems) = preProject
		BCLCONTRIB.vsmdi = BCLCONTRIB.vsmdi
		BCLCONTRIB1.vsmdi = BCLCONTRIB1.vsmdi
		Local.testsettings = Local.testsettings
		LocalTestRun.testrunconfig = LocalTestRun.testrunconfig
		Readme.txt = Readme.txt
		TraceAndTestImpact.testsettings = TraceAndTestImpact.testsettings
	EndProjectSection
EndProject
Project("{2150E333-8FDC-42A3-9474-1A3956D46DE8}") = "Web", "Web", "{D2FE8F0B-CE1C-49E1-8275-E54607B41459}"
EndProject
Project("{2150E333-8FDC-42A3-9474-1A3956D46DE8}") = "Abstractions", "Abstractions", "{C614BFB9-08ED-4263-9C23-3FF0A2516A58}"
EndProject
Project("{2150E333-8FDC-42A3-9474-1A3956D46DE8}") = "Core", "Core", "{D6358141-331D-45E5-8620-6F848002C8CD}"
EndProject
Project("{2150E333-8FDC-42A3-9474-1A3956D46DE8}") = "Services", "Services", "{61C7D445-B271-4265-A5C9-F1FF4B35A175}"
EndProject
Project("{2150E333-8FDC-42A3-9474-1A3956D46DE8}") = "Quality", "Quality", "{DBD1302C-3F2E-4157-9240-492F611A75A2}"
EndProject
Project("{2150E333-8FDC-42A3-9474-1A3956D46DE8}") = "Extents", "Extents", "{85C3C5DB-F513-42CA-A66A-D358F65E2F3A}"
EndProject
Project("{2150E333-8FDC-42A3-9474-1A3956D46DE8}") = "SqlServer", "SqlServer", "{49EA0BE7-86C6-4C57-8701-292A558961A0}"
EndProject
Project("{2150E333-8FDC-42A3-9474-1A3956D46DE8}") = "Patterns", "Patterns", "{0302F01F-B3A7-4298-82C6-C71A5CD2F753}"
EndProject
Project("{2150E333-8FDC-42A3-9474-1A3956D46DE8}") = "System.CoreEx_", "System.CoreEx_", "{9D153281-1816-4BE5-AC1B-4931FE3D4466}"
EndProject
Project("{FAE04EC0-301F-11D3-BF4B-00C04F79EFBC}") = "System.Abstractions", "Abstractions\System.Abstractions\System.Abstractions.csproj", "{A386BE88-F669-4D11-8A96-2C292501C871}"
EndProject
Project("{FAE04EC0-301F-11D3-BF4B-00C04F79EFBC}") = "System.Web.AbstractionsEx", "Abstractions\System.Web.AbstractionsEx\System.Web.AbstractionsEx.csproj", "{68096E32-A846-43CC-93F0-88DB10BF5DD4}"
EndProject
Project("{FAE04EC0-301F-11D3-BF4B-00C04F79EFBC}") = "System.ServiceModelEx", "Services\System.ServiceModelEx\System.ServiceModelEx.csproj", "{5F66F935-1DFC-4E18-BCDA-EAC1600C4A3A}"
EndProject
Project("{FAE04EC0-301F-11D3-BF4B-00C04F79EFBC}") = "System.Web.MvcEx", "Web\System.Web.MvcEx\System.Web.MvcEx.csproj", "{42EF977F-FEC8-45E0-86AB-1DBE7BE181E1}"
EndProject
Project("{FAE04EC0-301F-11D3-BF4B-00C04F79EFBC}") = "System.WebEx", "Web\System.WebEx\System.WebEx.csproj", "{97493363-7402-4E28-806C-7448AA5AC106}"
EndProject
Project("{FAE04EC0-301F-11D3-BF4B-00C04F79EFBC}") = "System.DataEx", "Core\System.DataEx\System.DataEx.csproj", "{54DAA714-DCE5-4620-86ED-DCE48AD85579}"
EndProject
Project("{FAE04EC0-301F-11D3-BF4B-00C04F79EFBC}") = "System.DataEx.Tests", "Core\System.DataEx.Tests\System.DataEx.Tests.csproj", "{8D9167B9-031C-4475-B745-B41F5DF55667}"
EndProject
Project("{FAE04EC0-301F-11D3-BF4B-00C04F79EFBC}") = "System.Core.Quality", "Core\Quality\System.Core.Quality\System.Core.Quality.csproj", "{A44E9D89-BFF2-41A4-AADC-3C2BDFDAEEB1}"
EndProject
Project("{FAE04EC0-301F-11D3-BF4B-00C04F79EFBC}") = "System.CoreEx", "Core\System.CoreEx\System.CoreEx.csproj", "{21FC5068-FABA-4CC9-A9F5-95D299655422}"
EndProject
Project("{FAE04EC0-301F-11D3-BF4B-00C04F79EFBC}") = "System.Core.Collections+Channel", "Core\System.CoreEx_\System.Core.Collections+Channel\System.Core.Collections+Channel.csproj", "{8BD3911B-0987-49F5-9175-B7E6769012BB}"
EndProject
Project("{FAE04EC0-301F-11D3-BF4B-00C04F79EFBC}") = "System.Core.Extentions", "Core\System.CoreEx_\System.Core.Extentions\System.Core.Extentions.csproj", "{31D819FA-9DBB-480E-AC21-DA27C966BC2B}"
EndProject
Project("{FAE04EC0-301F-11D3-BF4B-00C04F79EFBC}") = "System.Core.Hold", "Core\System.CoreEx_\System.Core.Hold\System.Core.Hold.csproj", "{6ECC7265-B8E3-4A17-9FE7-4C1C799A5476}"
EndProject
Project("{FAE04EC0-301F-11D3-BF4B-00C04F79EFBC}") = "System.Core.Nattrib", "Core\System.CoreEx_\System.Core.Nattrib\System.Core.Nattrib.csproj", "{55D806D0-B6AF-4E92-B4DC-525F3676A6E5}"
EndProject
Project("{FAE04EC0-301F-11D3-BF4B-00C04F79EFBC}") = "System.Core.Objects", "Core\System.CoreEx_\System.Core.Objects\System.Core.Objects.csproj", "{832FFBD9-7400-4B33-BC3A-63C07C8740F2}"
EndProject
Project("{FAE04EC0-301F-11D3-BF4B-00C04F79EFBC}") = "System.Core.ParseFormat", "Core\System.CoreEx_\System.Core.ParseFormat\System.Core.ParseFormat.csproj", "{6EB37367-D677-4102-86B3-0848C2E41B5B}"
EndProject
Project("{FAE04EC0-301F-11D3-BF4B-00C04F79EFBC}") = "System.Core.Reactive", "Core\System.CoreEx_\System.Core.Reactive\System.Core.Reactive.csproj", "{5C5C0518-CF55-409F-BE11-FDF315FF0A8A}"
EndProject
Project("{FAE04EC0-301F-11D3-BF4B-00C04F79EFBC}") = "System.Core.Reflection", "Core\System.CoreEx_\System.Core.Reflection\System.Core.Reflection.csproj", "{7A19F1E7-D65F-4D64-99C3-45344064FEF3}"
EndProject
Project("{FAE04EC0-301F-11D3-BF4B-00C04F79EFBC}") = "System.Core.Routing", "Core\System.CoreEx_\System.Core.Routing\System.Core.Routing.csproj", "{B6648FB5-9382-4D41-A678-2FE59788D6BA}"
EndProject
Project("{FAE04EC0-301F-11D3-BF4B-00C04F79EFBC}") = "System.Core.Text", "Core\System.CoreEx_\System.Core.Text\System.Core.Text.csproj", "{9F1BC604-2D40-4D70-B88B-DAF1D64A468D}"
EndProject
Project("{FAE04EC0-301F-11D3-BF4B-00C04F79EFBC}") = "System.Core2", "Core\System.CoreEx_\System.Core2\System.Core2.csproj", "{7F64972D-477E-4F38-BC95-BD835D501146}"
EndProject
Project("{FAE04EC0-301F-11D3-BF4B-00C04F79EFBC}") = "System.Core.Collections+Channel.Tests", "Core\System.CoreEx_\System.Core.Collections+Channel.Tests\System.Core.Collections+Channel.Tests.csproj", "{538CF151-4679-4214-8C7D-3135BF3A99EA}"
EndProject
Project("{FAE04EC0-301F-11D3-BF4B-00C04F79EFBC}") = "System.Core.Extentions.Tests", "Core\System.CoreEx_\System.Core.Extentions.Tests\System.Core.Extentions.Tests.csproj", "{6C28DF98-5994-4C7C-9DF6-3DEDEB9BFCBA}"
EndProject
Project("{FAE04EC0-301F-11D3-BF4B-00C04F79EFBC}") = "System.Core.Nattrib.Tests", "Core\System.CoreEx_\System.Core.Nattrib.Tests\System.Core.Nattrib.Tests.csproj", "{585B46EF-A768-468A-8F34-21B57C2E71A0}"
EndProject
Project("{FAE04EC0-301F-11D3-BF4B-00C04F79EFBC}") = "System.Core.ParseFormat.Tests", "Core\System.CoreEx_\System.Core.ParseFormat.Tests\System.Core.ParseFormat.Tests.csproj", "{44EC7F38-7136-43FE-99F1-79F79E40942B}"
EndProject
Project("{FAE04EC0-301F-11D3-BF4B-00C04F79EFBC}") = "System.Core.Text.Tests", "Core\System.CoreEx_\System.Core.Text.Tests\System.Core.Text.Tests.csproj", "{C9C1CF61-488B-4D4E-8171-5478300395C1}"
EndProject
Project("{FAE04EC0-301F-11D3-BF4B-00C04F79EFBC}") = "System.Core2.Tests", "Core\System.CoreEx_\System.Core2.Tests\System.Core2.Tests.csproj", "{AAD8CFCF-11F3-4367-B3C1-0EADF24431F9}"
EndProject
Project("{FAE04EC0-301F-11D3-BF4B-00C04F79EFBC}") = "System.Core.SqlServer", "Core\SqlServer\System.Core.SqlServer\System.Core.SqlServer.csproj", "{3E49BB33-F17D-4229-9D5E-1D6B2C933C9D}"
EndProject
Project("{FAE04EC0-301F-11D3-BF4B-00C04F79EFBC}") = "System.CoreEx.Specs", "Core\System.CoreEx.Specs\System.CoreEx.Specs.csproj", "{5723CF90-8916-4DCE-921B-C1E7963B1A3F}"
EndProject
Project("{FAE04EC0-301F-11D3-BF4B-00C04F79EFBC}") = "System.Core.Patterns", "Core\System.CoreEx_\Patterns\System.Core.Patterns\System.Core.Patterns.csproj", "{B8123161-9EEC-4FF1-9FE0-C862E686A9B4}"
EndProject
Project("{FAE04EC0-301F-11D3-BF4B-00C04F79EFBC}") = "System.Core.Patterns.Caching", "Core\System.CoreEx_\Patterns\System.Core.Patterns.Caching\System.Core.Patterns.Caching.csproj", "{0A518821-B00D-4107-8A27-6159923AE7DB}"
EndProject
Project("{FAE04EC0-301F-11D3-BF4B-00C04F79EFBC}") = "System.Core.Patterns.Contracts", "Core\System.CoreEx_\Patterns\System.Core.Patterns.Contracts\System.Core.Patterns.Contracts.csproj", "{8A13DE10-C584-4789-BF17-565CAAD77A83}"
EndProject
Project("{FAE04EC0-301F-11D3-BF4B-00C04F79EFBC}") = "System.Core.Patterns.Form", "Core\System.CoreEx_\Patterns\System.Core.Patterns.Form\System.Core.Patterns.Form.csproj", "{6B537D17-7B39-44AA-804D-9AE27ADBCB6F}"
EndProject
Project("{FAE04EC0-301F-11D3-BF4B-00C04F79EFBC}") = "System.Core.Patterns.Reporting", "Core\System.CoreEx_\Patterns\System.Core.Patterns.Reporting\System.Core.Patterns.Reporting.csproj", "{CC67132C-C611-4684-94AD-A55FAE6348A5}"
EndProject
Project("{FAE04EC0-301F-11D3-BF4B-00C04F79EFBC}") = "System.Core.Patterns.Scheduling", "Core\System.CoreEx_\Patterns\System.Core.Patterns.Scheduling\System.Core.Patterns.Scheduling.csproj", "{4034B7DB-3B28-48B7-A28B-774BB333564F}"
EndProject
Project("{FAE04EC0-301F-11D3-BF4B-00C04F79EFBC}") = "System.Core.Patterns.Versioning", "Core\System.CoreEx_\Patterns\System.Core.Patterns.Versioning\System.Core.Patterns.Versioning.csproj", "{1D797DD8-FCB6-4B3D-A6C5-D72411A030F5}"
EndProject
Project("{FAE04EC0-301F-11D3-BF4B-00C04F79EFBC}") = "System.ComponentModelEx", "Core\System.ComponentModelEx\System.ComponentModelEx.csproj", "{A0A7D6AF-3322-4CAD-AD1C-8A1C63400ECD}"
EndProject
Project("{FAE04EC0-301F-11D3-BF4B-00C04F79EFBC}") = "Digital.Cms", "Extents\Digital.Cms\Digital.Cms.csproj", "{772CCA21-8CE3-426B-B9F4-F450E0B4458D}"
EndProject
Project("{FAE04EC0-301F-11D3-BF4B-00C04F79EFBC}") = "System.Web.Hosting", "Web\System.Web.Hosting\System.Web.Hosting.csproj", "{019DED62-9352-4129-BB14-78933B0D91A0}"
EndProject
Project("{FAE04EC0-301F-11D3-BF4B-00C04F79EFBC}") = "System.DirectoryServicesEx", "Core\System.DirectoryServicesEx\System.DirectoryServicesEx.csproj", "{85BA0CF2-8F5C-4315-87C6-11C5F179898B}"
EndProject
Project("{FAE04EC0-301F-11D3-BF4B-00C04F79EFBC}") = "System.Core.Quality_ApplicationBus", "Core\Quality\System.Core.Quality_ApplicationBus\System.Core.Quality_ApplicationBus.csproj", "{7F717114-B597-4B43-931A-529F696A549A}"
EndProject
Project("{FAE04EC0-301F-11D3-BF4B-00C04F79EFBC}") = "System.Core.Quality_MassTransit", "Core\Quality\System.Core.Quality_MassTransit\System.Core.Quality_MassTransit.csproj", "{5A21E242-E2BB-4F5F-838D-9FA893AECD6D}"
EndProject
Project("{FAE04EC0-301F-11D3-BF4B-00C04F79EFBC}") = "System.Core.Quality_Moq", "Core\Quality\System.Core.Quality_Moq\System.Core.Quality_Moq.csproj", "{87A04E75-9495-4F07-8D85-22B8F1B52272}"
EndProject
Project("{FAE04EC0-301F-11D3-BF4B-00C04F79EFBC}") = "System.Core.Quality_Ninject", "Core\Quality\System.Core.Quality_Ninject\System.Core.Quality_Ninject.csproj", "{03A4AE50-0401-4DDB-96E8-B90A5D64FA93}"
EndProject
Project("{FAE04EC0-301F-11D3-BF4B-00C04F79EFBC}") = "System.Core.Quality_NServiceBus", "Core\Quality\System.Core.Quality_NServiceBus\System.Core.Quality_NServiceBus.csproj", "{BF36681D-4869-48B6-B2E9-F78430206F62}"
EndProject
Project("{FAE04EC0-301F-11D3-BF4B-00C04F79EFBC}") = "System.Core.Quality_StructureMap", "Core\Quality\System.Core.Quality_StructureMap\System.Core.Quality_StructureMap.csproj", "{48DC2445-A460-4B42-B175-10B0924B248C}"
EndProject
Project("{FAE04EC0-301F-11D3-BF4B-00C04F79EFBC}") = "System.Core.Quality_Unity", "Core\Quality\System.Core.Quality_Unity\System.Core.Quality_Unity.csproj", "{21FCE5EA-3C6D-43D7-9984-1278307AB77E}"
EndProject
Project("{FAE04EC0-301F-11D3-BF4B-00C04F79EFBC}") = "System.Core.Quality_Windsor", "Core\Quality\System.Core.Quality_Windsor\System.Core.Quality_Windsor.csproj", "{C03A8167-F65E-4271-978C-E72914C9C311}"
EndProject
Project("{FAE04EC0-301F-11D3-BF4B-00C04F79EFBC}") = "System.Core.SqlServer_Proxy", "Core\SqlServer\System.Core.SqlServer_Proxy\System.Core.SqlServer_Proxy.csproj", "{2B46D015-F0A4-4B8D-AEEA-867392A21A8D}"
EndProject
Project("{FAE04EC0-301F-11D3-BF4B-00C04F79EFBC}") = "System.Core.Quality_RhinoServiceBus", "Core\Quality\System.Core.Quality_RhinoServiceBus\System.Core.Quality_RhinoServiceBus.csproj", "{2DF1514B-3B8C-4C52-85D6-59B2ED7DB245}"
EndProject
Project("{FAE04EC0-301F-11D3-BF4B-00C04F79EFBC}") = "System.Core.Quality_RhinoMocks", "Core\Quality\System.Core.Quality_RhinoMocks\System.Core.Quality_RhinoMocks.csproj", "{46EDB3B4-66BD-478F-B610-6292DE12153E}"
EndProject
Project("{FAE04EC0-301F-11D3-BF4B-00C04F79EFBC}") = "System.Core.Quality_Autofac", "Core\Quality\System.Core.Quality_Autofac\System.Core.Quality_Autofac.csproj", "{3AB44594-75F2-4D20-8450-F3FA9D4DE763}"
EndProject
Global
	GlobalSection(SolutionConfigurationPlatforms) = preSolution
		Debug|Any CPU = Debug|Any CPU
		Release|Any CPU = Release|Any CPU
	EndGlobalSection
	GlobalSection(ProjectConfigurationPlatforms) = postSolution
		{A386BE88-F669-4D11-8A96-2C292501C871}.Debug|Any CPU.ActiveCfg = Debug|Any CPU
		{A386BE88-F669-4D11-8A96-2C292501C871}.Debug|Any CPU.Build.0 = Debug|Any CPU
		{A386BE88-F669-4D11-8A96-2C292501C871}.Release|Any CPU.ActiveCfg = Release|Any CPU
		{A386BE88-F669-4D11-8A96-2C292501C871}.Release|Any CPU.Build.0 = Release|Any CPU
		{68096E32-A846-43CC-93F0-88DB10BF5DD4}.Debug|Any CPU.ActiveCfg = Debug|Any CPU
		{68096E32-A846-43CC-93F0-88DB10BF5DD4}.Debug|Any CPU.Build.0 = Debug|Any CPU
		{68096E32-A846-43CC-93F0-88DB10BF5DD4}.Release|Any CPU.ActiveCfg = Release|Any CPU
		{68096E32-A846-43CC-93F0-88DB10BF5DD4}.Release|Any CPU.Build.0 = Release|Any CPU
		{5F66F935-1DFC-4E18-BCDA-EAC1600C4A3A}.Debug|Any CPU.ActiveCfg = Debug|Any CPU
		{5F66F935-1DFC-4E18-BCDA-EAC1600C4A3A}.Debug|Any CPU.Build.0 = Debug|Any CPU
		{5F66F935-1DFC-4E18-BCDA-EAC1600C4A3A}.Release|Any CPU.ActiveCfg = Release|Any CPU
		{5F66F935-1DFC-4E18-BCDA-EAC1600C4A3A}.Release|Any CPU.Build.0 = Release|Any CPU
		{42EF977F-FEC8-45E0-86AB-1DBE7BE181E1}.Debug|Any CPU.ActiveCfg = Debug|Any CPU
		{42EF977F-FEC8-45E0-86AB-1DBE7BE181E1}.Debug|Any CPU.Build.0 = Debug|Any CPU
		{42EF977F-FEC8-45E0-86AB-1DBE7BE181E1}.Release|Any CPU.ActiveCfg = Release|Any CPU
		{42EF977F-FEC8-45E0-86AB-1DBE7BE181E1}.Release|Any CPU.Build.0 = Release|Any CPU
		{97493363-7402-4E28-806C-7448AA5AC106}.Debug|Any CPU.ActiveCfg = Debug|Any CPU
		{97493363-7402-4E28-806C-7448AA5AC106}.Debug|Any CPU.Build.0 = Debug|Any CPU
		{97493363-7402-4E28-806C-7448AA5AC106}.Release|Any CPU.ActiveCfg = Release|Any CPU
		{97493363-7402-4E28-806C-7448AA5AC106}.Release|Any CPU.Build.0 = Release|Any CPU
		{54DAA714-DCE5-4620-86ED-DCE48AD85579}.Debug|Any CPU.ActiveCfg = Debug|Any CPU
		{54DAA714-DCE5-4620-86ED-DCE48AD85579}.Debug|Any CPU.Build.0 = Debug|Any CPU
		{54DAA714-DCE5-4620-86ED-DCE48AD85579}.Release|Any CPU.ActiveCfg = Release|Any CPU
		{54DAA714-DCE5-4620-86ED-DCE48AD85579}.Release|Any CPU.Build.0 = Release|Any CPU
		{8D9167B9-031C-4475-B745-B41F5DF55667}.Debug|Any CPU.ActiveCfg = Debug|Any CPU
		{8D9167B9-031C-4475-B745-B41F5DF55667}.Debug|Any CPU.Build.0 = Debug|Any CPU
		{8D9167B9-031C-4475-B745-B41F5DF55667}.Release|Any CPU.ActiveCfg = Release|Any CPU
		{8D9167B9-031C-4475-B745-B41F5DF55667}.Release|Any CPU.Build.0 = Release|Any CPU
		{A44E9D89-BFF2-41A4-AADC-3C2BDFDAEEB1}.Debug|Any CPU.ActiveCfg = Debug|Any CPU
		{A44E9D89-BFF2-41A4-AADC-3C2BDFDAEEB1}.Debug|Any CPU.Build.0 = Debug|Any CPU
		{A44E9D89-BFF2-41A4-AADC-3C2BDFDAEEB1}.Release|Any CPU.ActiveCfg = Release|Any CPU
		{A44E9D89-BFF2-41A4-AADC-3C2BDFDAEEB1}.Release|Any CPU.Build.0 = Release|Any CPU
		{21FC5068-FABA-4CC9-A9F5-95D299655422}.Debug|Any CPU.ActiveCfg = Debug|Any CPU
		{21FC5068-FABA-4CC9-A9F5-95D299655422}.Debug|Any CPU.Build.0 = Debug|Any CPU
		{21FC5068-FABA-4CC9-A9F5-95D299655422}.Release|Any CPU.ActiveCfg = Release|Any CPU
		{21FC5068-FABA-4CC9-A9F5-95D299655422}.Release|Any CPU.Build.0 = Release|Any CPU
		{8BD3911B-0987-49F5-9175-B7E6769012BB}.Debug|Any CPU.ActiveCfg = Debug|Any CPU
		{8BD3911B-0987-49F5-9175-B7E6769012BB}.Debug|Any CPU.Build.0 = Debug|Any CPU
		{8BD3911B-0987-49F5-9175-B7E6769012BB}.Release|Any CPU.ActiveCfg = Release|Any CPU
		{8BD3911B-0987-49F5-9175-B7E6769012BB}.Release|Any CPU.Build.0 = Release|Any CPU
		{31D819FA-9DBB-480E-AC21-DA27C966BC2B}.Debug|Any CPU.ActiveCfg = Debug|Any CPU
		{31D819FA-9DBB-480E-AC21-DA27C966BC2B}.Debug|Any CPU.Build.0 = Debug|Any CPU
		{31D819FA-9DBB-480E-AC21-DA27C966BC2B}.Release|Any CPU.ActiveCfg = Release|Any CPU
		{31D819FA-9DBB-480E-AC21-DA27C966BC2B}.Release|Any CPU.Build.0 = Release|Any CPU
		{6ECC7265-B8E3-4A17-9FE7-4C1C799A5476}.Debug|Any CPU.ActiveCfg = Debug|Any CPU
		{6ECC7265-B8E3-4A17-9FE7-4C1C799A5476}.Debug|Any CPU.Build.0 = Debug|Any CPU
		{6ECC7265-B8E3-4A17-9FE7-4C1C799A5476}.Release|Any CPU.ActiveCfg = Release|Any CPU
		{6ECC7265-B8E3-4A17-9FE7-4C1C799A5476}.Release|Any CPU.Build.0 = Release|Any CPU
		{55D806D0-B6AF-4E92-B4DC-525F3676A6E5}.Debug|Any CPU.ActiveCfg = Debug|Any CPU
		{55D806D0-B6AF-4E92-B4DC-525F3676A6E5}.Debug|Any CPU.Build.0 = Debug|Any CPU
		{55D806D0-B6AF-4E92-B4DC-525F3676A6E5}.Release|Any CPU.ActiveCfg = Release|Any CPU
		{55D806D0-B6AF-4E92-B4DC-525F3676A6E5}.Release|Any CPU.Build.0 = Release|Any CPU
		{832FFBD9-7400-4B33-BC3A-63C07C8740F2}.Debug|Any CPU.ActiveCfg = Debug|Any CPU
		{832FFBD9-7400-4B33-BC3A-63C07C8740F2}.Debug|Any CPU.Build.0 = Debug|Any CPU
		{832FFBD9-7400-4B33-BC3A-63C07C8740F2}.Release|Any CPU.ActiveCfg = Release|Any CPU
		{832FFBD9-7400-4B33-BC3A-63C07C8740F2}.Release|Any CPU.Build.0 = Release|Any CPU
		{6EB37367-D677-4102-86B3-0848C2E41B5B}.Debug|Any CPU.ActiveCfg = Debug|Any CPU
		{6EB37367-D677-4102-86B3-0848C2E41B5B}.Debug|Any CPU.Build.0 = Debug|Any CPU
		{6EB37367-D677-4102-86B3-0848C2E41B5B}.Release|Any CPU.ActiveCfg = Release|Any CPU
		{6EB37367-D677-4102-86B3-0848C2E41B5B}.Release|Any CPU.Build.0 = Release|Any CPU
		{5C5C0518-CF55-409F-BE11-FDF315FF0A8A}.Debug|Any CPU.ActiveCfg = Debug|Any CPU
		{5C5C0518-CF55-409F-BE11-FDF315FF0A8A}.Debug|Any CPU.Build.0 = Debug|Any CPU
		{5C5C0518-CF55-409F-BE11-FDF315FF0A8A}.Release|Any CPU.ActiveCfg = Release|Any CPU
		{5C5C0518-CF55-409F-BE11-FDF315FF0A8A}.Release|Any CPU.Build.0 = Release|Any CPU
		{7A19F1E7-D65F-4D64-99C3-45344064FEF3}.Debug|Any CPU.ActiveCfg = Debug|Any CPU
		{7A19F1E7-D65F-4D64-99C3-45344064FEF3}.Debug|Any CPU.Build.0 = Debug|Any CPU
		{7A19F1E7-D65F-4D64-99C3-45344064FEF3}.Release|Any CPU.ActiveCfg = Release|Any CPU
		{7A19F1E7-D65F-4D64-99C3-45344064FEF3}.Release|Any CPU.Build.0 = Release|Any CPU
		{B6648FB5-9382-4D41-A678-2FE59788D6BA}.Debug|Any CPU.ActiveCfg = Debug|Any CPU
		{B6648FB5-9382-4D41-A678-2FE59788D6BA}.Debug|Any CPU.Build.0 = Debug|Any CPU
		{B6648FB5-9382-4D41-A678-2FE59788D6BA}.Release|Any CPU.ActiveCfg = Release|Any CPU
		{B6648FB5-9382-4D41-A678-2FE59788D6BA}.Release|Any CPU.Build.0 = Release|Any CPU
		{9F1BC604-2D40-4D70-B88B-DAF1D64A468D}.Debug|Any CPU.ActiveCfg = Debug|Any CPU
		{9F1BC604-2D40-4D70-B88B-DAF1D64A468D}.Debug|Any CPU.Build.0 = Debug|Any CPU
		{9F1BC604-2D40-4D70-B88B-DAF1D64A468D}.Release|Any CPU.ActiveCfg = Release|Any CPU
		{9F1BC604-2D40-4D70-B88B-DAF1D64A468D}.Release|Any CPU.Build.0 = Release|Any CPU
		{7F64972D-477E-4F38-BC95-BD835D501146}.Debug|Any CPU.ActiveCfg = Debug|Any CPU
		{7F64972D-477E-4F38-BC95-BD835D501146}.Debug|Any CPU.Build.0 = Debug|Any CPU
		{7F64972D-477E-4F38-BC95-BD835D501146}.Release|Any CPU.ActiveCfg = Release|Any CPU
		{7F64972D-477E-4F38-BC95-BD835D501146}.Release|Any CPU.Build.0 = Release|Any CPU
		{538CF151-4679-4214-8C7D-3135BF3A99EA}.Debug|Any CPU.ActiveCfg = Debug|Any CPU
		{538CF151-4679-4214-8C7D-3135BF3A99EA}.Debug|Any CPU.Build.0 = Debug|Any CPU
		{538CF151-4679-4214-8C7D-3135BF3A99EA}.Release|Any CPU.ActiveCfg = Release|Any CPU
		{538CF151-4679-4214-8C7D-3135BF3A99EA}.Release|Any CPU.Build.0 = Release|Any CPU
		{6C28DF98-5994-4C7C-9DF6-3DEDEB9BFCBA}.Debug|Any CPU.ActiveCfg = Debug|Any CPU
		{6C28DF98-5994-4C7C-9DF6-3DEDEB9BFCBA}.Debug|Any CPU.Build.0 = Debug|Any CPU
		{6C28DF98-5994-4C7C-9DF6-3DEDEB9BFCBA}.Release|Any CPU.ActiveCfg = Release|Any CPU
		{6C28DF98-5994-4C7C-9DF6-3DEDEB9BFCBA}.Release|Any CPU.Build.0 = Release|Any CPU
		{585B46EF-A768-468A-8F34-21B57C2E71A0}.Debug|Any CPU.ActiveCfg = Debug|Any CPU
		{585B46EF-A768-468A-8F34-21B57C2E71A0}.Debug|Any CPU.Build.0 = Debug|Any CPU
		{585B46EF-A768-468A-8F34-21B57C2E71A0}.Release|Any CPU.ActiveCfg = Release|Any CPU
		{585B46EF-A768-468A-8F34-21B57C2E71A0}.Release|Any CPU.Build.0 = Release|Any CPU
		{44EC7F38-7136-43FE-99F1-79F79E40942B}.Debug|Any CPU.ActiveCfg = Debug|Any CPU
		{44EC7F38-7136-43FE-99F1-79F79E40942B}.Debug|Any CPU.Build.0 = Debug|Any CPU
		{44EC7F38-7136-43FE-99F1-79F79E40942B}.Release|Any CPU.ActiveCfg = Release|Any CPU
		{44EC7F38-7136-43FE-99F1-79F79E40942B}.Release|Any CPU.Build.0 = Release|Any CPU
		{C9C1CF61-488B-4D4E-8171-5478300395C1}.Debug|Any CPU.ActiveCfg = Debug|Any CPU
		{C9C1CF61-488B-4D4E-8171-5478300395C1}.Debug|Any CPU.Build.0 = Debug|Any CPU
		{C9C1CF61-488B-4D4E-8171-5478300395C1}.Release|Any CPU.ActiveCfg = Release|Any CPU
		{C9C1CF61-488B-4D4E-8171-5478300395C1}.Release|Any CPU.Build.0 = Release|Any CPU
		{AAD8CFCF-11F3-4367-B3C1-0EADF24431F9}.Debug|Any CPU.ActiveCfg = Debug|Any CPU
		{AAD8CFCF-11F3-4367-B3C1-0EADF24431F9}.Debug|Any CPU.Build.0 = Debug|Any CPU
		{AAD8CFCF-11F3-4367-B3C1-0EADF24431F9}.Release|Any CPU.ActiveCfg = Release|Any CPU
		{AAD8CFCF-11F3-4367-B3C1-0EADF24431F9}.Release|Any CPU.Build.0 = Release|Any CPU
		{3E49BB33-F17D-4229-9D5E-1D6B2C933C9D}.Debug|Any CPU.ActiveCfg = Debug|Any CPU
		{3E49BB33-F17D-4229-9D5E-1D6B2C933C9D}.Debug|Any CPU.Build.0 = Debug|Any CPU
		{3E49BB33-F17D-4229-9D5E-1D6B2C933C9D}.Debug|Any CPU.Deploy.0 = Debug|Any CPU
		{3E49BB33-F17D-4229-9D5E-1D6B2C933C9D}.Release|Any CPU.ActiveCfg = Release|Any CPU
		{3E49BB33-F17D-4229-9D5E-1D6B2C933C9D}.Release|Any CPU.Build.0 = Release|Any CPU
		{3E49BB33-F17D-4229-9D5E-1D6B2C933C9D}.Release|Any CPU.Deploy.0 = Release|Any CPU
		{5723CF90-8916-4DCE-921B-C1E7963B1A3F}.Debug|Any CPU.ActiveCfg = Debug|Any CPU
		{5723CF90-8916-4DCE-921B-C1E7963B1A3F}.Debug|Any CPU.Build.0 = Debug|Any CPU
		{5723CF90-8916-4DCE-921B-C1E7963B1A3F}.Release|Any CPU.ActiveCfg = Release|Any CPU
		{5723CF90-8916-4DCE-921B-C1E7963B1A3F}.Release|Any CPU.Build.0 = Release|Any CPU
		{B8123161-9EEC-4FF1-9FE0-C862E686A9B4}.Debug|Any CPU.ActiveCfg = Debug|Any CPU
		{B8123161-9EEC-4FF1-9FE0-C862E686A9B4}.Debug|Any CPU.Build.0 = Debug|Any CPU
		{B8123161-9EEC-4FF1-9FE0-C862E686A9B4}.Release|Any CPU.ActiveCfg = Release|Any CPU
		{B8123161-9EEC-4FF1-9FE0-C862E686A9B4}.Release|Any CPU.Build.0 = Release|Any CPU
		{0A518821-B00D-4107-8A27-6159923AE7DB}.Debug|Any CPU.ActiveCfg = Debug|Any CPU
		{0A518821-B00D-4107-8A27-6159923AE7DB}.Debug|Any CPU.Build.0 = Debug|Any CPU
		{0A518821-B00D-4107-8A27-6159923AE7DB}.Release|Any CPU.ActiveCfg = Release|Any CPU
		{0A518821-B00D-4107-8A27-6159923AE7DB}.Release|Any CPU.Build.0 = Release|Any CPU
		{8A13DE10-C584-4789-BF17-565CAAD77A83}.Debug|Any CPU.ActiveCfg = Debug|Any CPU
		{8A13DE10-C584-4789-BF17-565CAAD77A83}.Debug|Any CPU.Build.0 = Debug|Any CPU
		{8A13DE10-C584-4789-BF17-565CAAD77A83}.Release|Any CPU.ActiveCfg = Release|Any CPU
		{8A13DE10-C584-4789-BF17-565CAAD77A83}.Release|Any CPU.Build.0 = Release|Any CPU
		{6B537D17-7B39-44AA-804D-9AE27ADBCB6F}.Debug|Any CPU.ActiveCfg = Debug|Any CPU
		{6B537D17-7B39-44AA-804D-9AE27ADBCB6F}.Debug|Any CPU.Build.0 = Debug|Any CPU
		{6B537D17-7B39-44AA-804D-9AE27ADBCB6F}.Release|Any CPU.ActiveCfg = Release|Any CPU
		{6B537D17-7B39-44AA-804D-9AE27ADBCB6F}.Release|Any CPU.Build.0 = Release|Any CPU
		{CC67132C-C611-4684-94AD-A55FAE6348A5}.Debug|Any CPU.ActiveCfg = Debug|Any CPU
		{CC67132C-C611-4684-94AD-A55FAE6348A5}.Debug|Any CPU.Build.0 = Debug|Any CPU
		{CC67132C-C611-4684-94AD-A55FAE6348A5}.Release|Any CPU.ActiveCfg = Release|Any CPU
		{CC67132C-C611-4684-94AD-A55FAE6348A5}.Release|Any CPU.Build.0 = Release|Any CPU
		{4034B7DB-3B28-48B7-A28B-774BB333564F}.Debug|Any CPU.ActiveCfg = Debug|Any CPU
		{4034B7DB-3B28-48B7-A28B-774BB333564F}.Debug|Any CPU.Build.0 = Debug|Any CPU
		{4034B7DB-3B28-48B7-A28B-774BB333564F}.Release|Any CPU.ActiveCfg = Release|Any CPU
		{4034B7DB-3B28-48B7-A28B-774BB333564F}.Release|Any CPU.Build.0 = Release|Any CPU
		{1D797DD8-FCB6-4B3D-A6C5-D72411A030F5}.Debug|Any CPU.ActiveCfg = Debug|Any CPU
		{1D797DD8-FCB6-4B3D-A6C5-D72411A030F5}.Debug|Any CPU.Build.0 = Debug|Any CPU
		{1D797DD8-FCB6-4B3D-A6C5-D72411A030F5}.Release|Any CPU.ActiveCfg = Release|Any CPU
		{1D797DD8-FCB6-4B3D-A6C5-D72411A030F5}.Release|Any CPU.Build.0 = Release|Any CPU
		{A0A7D6AF-3322-4CAD-AD1C-8A1C63400ECD}.Debug|Any CPU.ActiveCfg = Debug|Any CPU
		{A0A7D6AF-3322-4CAD-AD1C-8A1C63400ECD}.Debug|Any CPU.Build.0 = Debug|Any CPU
		{A0A7D6AF-3322-4CAD-AD1C-8A1C63400ECD}.Release|Any CPU.ActiveCfg = Release|Any CPU
		{A0A7D6AF-3322-4CAD-AD1C-8A1C63400ECD}.Release|Any CPU.Build.0 = Release|Any CPU
		{772CCA21-8CE3-426B-B9F4-F450E0B4458D}.Debug|Any CPU.ActiveCfg = Debug|Any CPU
		{772CCA21-8CE3-426B-B9F4-F450E0B4458D}.Debug|Any CPU.Build.0 = Debug|Any CPU
		{772CCA21-8CE3-426B-B9F4-F450E0B4458D}.Release|Any CPU.ActiveCfg = Release|Any CPU
		{772CCA21-8CE3-426B-B9F4-F450E0B4458D}.Release|Any CPU.Build.0 = Release|Any CPU
		{019DED62-9352-4129-BB14-78933B0D91A0}.Debug|Any CPU.ActiveCfg = Debug|Any CPU
		{019DED62-9352-4129-BB14-78933B0D91A0}.Debug|Any CPU.Build.0 = Debug|Any CPU
		{019DED62-9352-4129-BB14-78933B0D91A0}.Release|Any CPU.ActiveCfg = Release|Any CPU
		{019DED62-9352-4129-BB14-78933B0D91A0}.Release|Any CPU.Build.0 = Release|Any CPU
		{85BA0CF2-8F5C-4315-87C6-11C5F179898B}.Debug|Any CPU.ActiveCfg = Debug|Any CPU
		{85BA0CF2-8F5C-4315-87C6-11C5F179898B}.Debug|Any CPU.Build.0 = Debug|Any CPU
		{85BA0CF2-8F5C-4315-87C6-11C5F179898B}.Release|Any CPU.ActiveCfg = Release|Any CPU
		{85BA0CF2-8F5C-4315-87C6-11C5F179898B}.Release|Any CPU.Build.0 = Release|Any CPU
		{7F717114-B597-4B43-931A-529F696A549A}.Debug|Any CPU.ActiveCfg = Debug|Any CPU
		{7F717114-B597-4B43-931A-529F696A549A}.Debug|Any CPU.Build.0 = Debug|Any CPU
		{7F717114-B597-4B43-931A-529F696A549A}.Release|Any CPU.ActiveCfg = Release|Any CPU
		{7F717114-B597-4B43-931A-529F696A549A}.Release|Any CPU.Build.0 = Release|Any CPU
		{5A21E242-E2BB-4F5F-838D-9FA893AECD6D}.Debug|Any CPU.ActiveCfg = Debug|Any CPU
		{5A21E242-E2BB-4F5F-838D-9FA893AECD6D}.Debug|Any CPU.Build.0 = Debug|Any CPU
		{5A21E242-E2BB-4F5F-838D-9FA893AECD6D}.Release|Any CPU.ActiveCfg = Release|Any CPU
		{5A21E242-E2BB-4F5F-838D-9FA893AECD6D}.Release|Any CPU.Build.0 = Release|Any CPU
		{87A04E75-9495-4F07-8D85-22B8F1B52272}.Debug|Any CPU.ActiveCfg = Debug|Any CPU
		{87A04E75-9495-4F07-8D85-22B8F1B52272}.Debug|Any CPU.Build.0 = Debug|Any CPU
		{87A04E75-9495-4F07-8D85-22B8F1B52272}.Release|Any CPU.ActiveCfg = Release|Any CPU
		{87A04E75-9495-4F07-8D85-22B8F1B52272}.Release|Any CPU.Build.0 = Release|Any CPU
		{03A4AE50-0401-4DDB-96E8-B90A5D64FA93}.Debug|Any CPU.ActiveCfg = Debug|Any CPU
		{03A4AE50-0401-4DDB-96E8-B90A5D64FA93}.Debug|Any CPU.Build.0 = Debug|Any CPU
		{03A4AE50-0401-4DDB-96E8-B90A5D64FA93}.Release|Any CPU.ActiveCfg = Release|Any CPU
		{03A4AE50-0401-4DDB-96E8-B90A5D64FA93}.Release|Any CPU.Build.0 = Release|Any CPU
		{BF36681D-4869-48B6-B2E9-F78430206F62}.Debug|Any CPU.ActiveCfg = Debug|Any CPU
		{BF36681D-4869-48B6-B2E9-F78430206F62}.Debug|Any CPU.Build.0 = Debug|Any CPU
		{BF36681D-4869-48B6-B2E9-F78430206F62}.Release|Any CPU.ActiveCfg = Release|Any CPU
		{BF36681D-4869-48B6-B2E9-F78430206F62}.Release|Any CPU.Build.0 = Release|Any CPU
		{48DC2445-A460-4B42-B175-10B0924B248C}.Debug|Any CPU.ActiveCfg = Debug|Any CPU
		{48DC2445-A460-4B42-B175-10B0924B248C}.Debug|Any CPU.Build.0 = Debug|Any CPU
		{48DC2445-A460-4B42-B175-10B0924B248C}.Release|Any CPU.ActiveCfg = Release|Any CPU
		{48DC2445-A460-4B42-B175-10B0924B248C}.Release|Any CPU.Build.0 = Release|Any CPU
		{21FCE5EA-3C6D-43D7-9984-1278307AB77E}.Debug|Any CPU.ActiveCfg = Debug|Any CPU
		{21FCE5EA-3C6D-43D7-9984-1278307AB77E}.Debug|Any CPU.Build.0 = Debug|Any CPU
		{21FCE5EA-3C6D-43D7-9984-1278307AB77E}.Release|Any CPU.ActiveCfg = Release|Any CPU
		{21FCE5EA-3C6D-43D7-9984-1278307AB77E}.Release|Any CPU.Build.0 = Release|Any CPU
		{C03A8167-F65E-4271-978C-E72914C9C311}.Debug|Any CPU.ActiveCfg = Debug|Any CPU
		{C03A8167-F65E-4271-978C-E72914C9C311}.Debug|Any CPU.Build.0 = Debug|Any CPU
		{C03A8167-F65E-4271-978C-E72914C9C311}.Release|Any CPU.ActiveCfg = Release|Any CPU
		{C03A8167-F65E-4271-978C-E72914C9C311}.Release|Any CPU.Build.0 = Release|Any CPU
		{2B46D015-F0A4-4B8D-AEEA-867392A21A8D}.Debug|Any CPU.ActiveCfg = Debug|Any CPU
		{2B46D015-F0A4-4B8D-AEEA-867392A21A8D}.Debug|Any CPU.Build.0 = Debug|Any CPU
		{2B46D015-F0A4-4B8D-AEEA-867392A21A8D}.Debug|Any CPU.Deploy.0 = Debug|Any CPU
		{2B46D015-F0A4-4B8D-AEEA-867392A21A8D}.Release|Any CPU.ActiveCfg = Release|Any CPU
		{2B46D015-F0A4-4B8D-AEEA-867392A21A8D}.Release|Any CPU.Build.0 = Release|Any CPU
		{2B46D015-F0A4-4B8D-AEEA-867392A21A8D}.Release|Any CPU.Deploy.0 = Release|Any CPU
		{2DF1514B-3B8C-4C52-85D6-59B2ED7DB245}.Debug|Any CPU.ActiveCfg = Debug|Any CPU
		{2DF1514B-3B8C-4C52-85D6-59B2ED7DB245}.Debug|Any CPU.Build.0 = Debug|Any CPU
		{2DF1514B-3B8C-4C52-85D6-59B2ED7DB245}.Release|Any CPU.ActiveCfg = Release|Any CPU
		{2DF1514B-3B8C-4C52-85D6-59B2ED7DB245}.Release|Any CPU.Build.0 = Release|Any CPU
		{46EDB3B4-66BD-478F-B610-6292DE12153E}.Debug|Any CPU.ActiveCfg = Debug|Any CPU
		{46EDB3B4-66BD-478F-B610-6292DE12153E}.Debug|Any CPU.Build.0 = Debug|Any CPU
		{46EDB3B4-66BD-478F-B610-6292DE12153E}.Release|Any CPU.ActiveCfg = Release|Any CPU
		{46EDB3B4-66BD-478F-B610-6292DE12153E}.Release|Any CPU.Build.0 = Release|Any CPU
		{3AB44594-75F2-4D20-8450-F3FA9D4DE763}.Debug|Any CPU.ActiveCfg = Debug|Any CPU
		{3AB44594-75F2-4D20-8450-F3FA9D4DE763}.Debug|Any CPU.Build.0 = Debug|Any CPU
		{3AB44594-75F2-4D20-8450-F3FA9D4DE763}.Release|Any CPU.ActiveCfg = Release|Any CPU
		{3AB44594-75F2-4D20-8450-F3FA9D4DE763}.Release|Any CPU.Build.0 = Release|Any CPU
	EndGlobalSection
	GlobalSection(SolutionProperties) = preSolution
		HideSolutionNode = FALSE
	EndGlobalSection
	GlobalSection(NestedProjects) = preSolution
		{42EF977F-FEC8-45E0-86AB-1DBE7BE181E1} = {D2FE8F0B-CE1C-49E1-8275-E54607B41459}
		{97493363-7402-4E28-806C-7448AA5AC106} = {D2FE8F0B-CE1C-49E1-8275-E54607B41459}
		{019DED62-9352-4129-BB14-78933B0D91A0} = {D2FE8F0B-CE1C-49E1-8275-E54607B41459}
		{A386BE88-F669-4D11-8A96-2C292501C871} = {C614BFB9-08ED-4263-9C23-3FF0A2516A58}
		{68096E32-A846-43CC-93F0-88DB10BF5DD4} = {C614BFB9-08ED-4263-9C23-3FF0A2516A58}
		{DBD1302C-3F2E-4157-9240-492F611A75A2} = {D6358141-331D-45E5-8620-6F848002C8CD}
		{49EA0BE7-86C6-4C57-8701-292A558961A0} = {D6358141-331D-45E5-8620-6F848002C8CD}
		{9D153281-1816-4BE5-AC1B-4931FE3D4466} = {D6358141-331D-45E5-8620-6F848002C8CD}
		{54DAA714-DCE5-4620-86ED-DCE48AD85579} = {D6358141-331D-45E5-8620-6F848002C8CD}
		{8D9167B9-031C-4475-B745-B41F5DF55667} = {D6358141-331D-45E5-8620-6F848002C8CD}
		{21FC5068-FABA-4CC9-A9F5-95D299655422} = {D6358141-331D-45E5-8620-6F848002C8CD}
		{5723CF90-8916-4DCE-921B-C1E7963B1A3F} = {D6358141-331D-45E5-8620-6F848002C8CD}
		{A0A7D6AF-3322-4CAD-AD1C-8A1C63400ECD} = {D6358141-331D-45E5-8620-6F848002C8CD}
		{85BA0CF2-8F5C-4315-87C6-11C5F179898B} = {D6358141-331D-45E5-8620-6F848002C8CD}
		{5F66F935-1DFC-4E18-BCDA-EAC1600C4A3A} = {61C7D445-B271-4265-A5C9-F1FF4B35A175}
		{A44E9D89-BFF2-41A4-AADC-3C2BDFDAEEB1} = {DBD1302C-3F2E-4157-9240-492F611A75A2}
		{7F717114-B597-4B43-931A-529F696A549A} = {DBD1302C-3F2E-4157-9240-492F611A75A2}
		{5A21E242-E2BB-4F5F-838D-9FA893AECD6D} = {DBD1302C-3F2E-4157-9240-492F611A75A2}
		{87A04E75-9495-4F07-8D85-22B8F1B52272} = {DBD1302C-3F2E-4157-9240-492F611A75A2}
		{03A4AE50-0401-4DDB-96E8-B90A5D64FA93} = {DBD1302C-3F2E-4157-9240-492F611A75A2}
		{BF36681D-4869-48B6-B2E9-F78430206F62} = {DBD1302C-3F2E-4157-9240-492F611A75A2}
		{48DC2445-A460-4B42-B175-10B0924B248C} = {DBD1302C-3F2E-4157-9240-492F611A75A2}
		{21FCE5EA-3C6D-43D7-9984-1278307AB77E} = {DBD1302C-3F2E-4157-9240-492F611A75A2}
		{C03A8167-F65E-4271-978C-E72914C9C311} = {DBD1302C-3F2E-4157-9240-492F611A75A2}
		{2DF1514B-3B8C-4C52-85D6-59B2ED7DB245} = {DBD1302C-3F2E-4157-9240-492F611A75A2}
		{46EDB3B4-66BD-478F-B610-6292DE12153E} = {DBD1302C-3F2E-4157-9240-492F611A75A2}
		{3AB44594-75F2-4D20-8450-F3FA9D4DE763} = {DBD1302C-3F2E-4157-9240-492F611A75A2}
		{772CCA21-8CE3-426B-B9F4-F450E0B4458D} = {85C3C5DB-F513-42CA-A66A-D358F65E2F3A}
		{3E49BB33-F17D-4229-9D5E-1D6B2C933C9D} = {49EA0BE7-86C6-4C57-8701-292A558961A0}
		{2B46D015-F0A4-4B8D-AEEA-867392A21A8D} = {49EA0BE7-86C6-4C57-8701-292A558961A0}
		{0302F01F-B3A7-4298-82C6-C71A5CD2F753} = {9D153281-1816-4BE5-AC1B-4931FE3D4466}
		{8BD3911B-0987-49F5-9175-B7E6769012BB} = {9D153281-1816-4BE5-AC1B-4931FE3D4466}
		{31D819FA-9DBB-480E-AC21-DA27C966BC2B} = {9D153281-1816-4BE5-AC1B-4931FE3D4466}
		{6ECC7265-B8E3-4A17-9FE7-4C1C799A5476} = {9D153281-1816-4BE5-AC1B-4931FE3D4466}
		{55D806D0-B6AF-4E92-B4DC-525F3676A6E5} = {9D153281-1816-4BE5-AC1B-4931FE3D4466}
		{832FFBD9-7400-4B33-BC3A-63C07C8740F2} = {9D153281-1816-4BE5-AC1B-4931FE3D4466}
		{6EB37367-D677-4102-86B3-0848C2E41B5B} = {9D153281-1816-4BE5-AC1B-4931FE3D4466}
		{5C5C0518-CF55-409F-BE11-FDF315FF0A8A} = {9D153281-1816-4BE5-AC1B-4931FE3D4466}
		{7A19F1E7-D65F-4D64-99C3-45344064FEF3} = {9D153281-1816-4BE5-AC1B-4931FE3D4466}
		{B6648FB5-9382-4D41-A678-2FE59788D6BA} = {9D153281-1816-4BE5-AC1B-4931FE3D4466}
		{9F1BC604-2D40-4D70-B88B-DAF1D64A468D} = {9D153281-1816-4BE5-AC1B-4931FE3D4466}
		{7F64972D-477E-4F38-BC95-BD835D501146} = {9D153281-1816-4BE5-AC1B-4931FE3D4466}
		{538CF151-4679-4214-8C7D-3135BF3A99EA} = {9D153281-1816-4BE5-AC1B-4931FE3D4466}
		{6C28DF98-5994-4C7C-9DF6-3DEDEB9BFCBA} = {9D153281-1816-4BE5-AC1B-4931FE3D4466}
		{585B46EF-A768-468A-8F34-21B57C2E71A0} = {9D153281-1816-4BE5-AC1B-4931FE3D4466}
		{44EC7F38-7136-43FE-99F1-79F79E40942B} = {9D153281-1816-4BE5-AC1B-4931FE3D4466}
		{C9C1CF61-488B-4D4E-8171-5478300395C1} = {9D153281-1816-4BE5-AC1B-4931FE3D4466}
		{AAD8CFCF-11F3-4367-B3C1-0EADF24431F9} = {9D153281-1816-4BE5-AC1B-4931FE3D4466}
		{B8123161-9EEC-4FF1-9FE0-C862E686A9B4} = {0302F01F-B3A7-4298-82C6-C71A5CD2F753}
		{0A518821-B00D-4107-8A27-6159923AE7DB} = {0302F01F-B3A7-4298-82C6-C71A5CD2F753}
		{8A13DE10-C584-4789-BF17-565CAAD77A83} = {0302F01F-B3A7-4298-82C6-C71A5CD2F753}
		{6B537D17-7B39-44AA-804D-9AE27ADBCB6F} = {0302F01F-B3A7-4298-82C6-C71A5CD2F753}
		{CC67132C-C611-4684-94AD-A55FAE6348A5} = {0302F01F-B3A7-4298-82C6-C71A5CD2F753}
		{4034B7DB-3B28-48B7-A28B-774BB333564F} = {0302F01F-B3A7-4298-82C6-C71A5CD2F753}
		{1D797DD8-FCB6-4B3D-A6C5-D72411A030F5} = {0302F01F-B3A7-4298-82C6-C71A5CD2F753}
	EndGlobalSection
EndGlobal
