
Microsoft Visual Studio Solution File, Format Version 10.00
# Visual Studio 2008
Project("{FAE04EC0-301F-11D3-BF4B-00C04F79EFBC}") = "System.WebEx.Integrate", "System.WebEx.Integrate\System.WebEx.Integrate.csproj", "{A0473035-FA9B-4205-886C-9FF1ABAC41DD}"
EndProject
Project("{FAE04EC0-301F-11D3-BF4B-00C04F79EFBC}") = "System.WebEx.Integrate+TinyMce", "System.WebEx.Integrate+TinyMce\System.WebEx.Integrate+TinyMce.csproj", "{167E0981-C93D-43F9-B982-568469E93F8F}"
EndProject
Global
	GlobalSection(SolutionConfigurationPlatforms) = preSolution
		Debug|Any CPU = Debug|Any CPU
		Release|Any CPU = Release|Any CPU
	EndGlobalSection
	GlobalSection(ProjectConfigurationPlatforms) = postSolution
		{A0473035-FA9B-4205-886C-9FF1ABAC41DD}.Debug|Any CPU.ActiveCfg = Debug|Any CPU
		{A0473035-FA9B-4205-886C-9FF1ABAC41DD}.Debug|Any CPU.Build.0 = Debug|Any CPU
		{A0473035-FA9B-4205-886C-9FF1ABAC41DD}.Release|Any CPU.ActiveCfg = Release|Any CPU
		{A0473035-FA9B-4205-886C-9FF1ABAC41DD}.Release|Any CPU.Build.0 = Release|Any CPU
		{167E0981-C93D-43F9-B982-568469E93F8F}.Debug|Any CPU.ActiveCfg = Debug|Any CPU
		{167E0981-C93D-43F9-B982-568469E93F8F}.Debug|Any CPU.Build.0 = Debug|Any CPU
		{167E0981-C93D-43F9-B982-568469E93F8F}.Release|Any CPU.ActiveCfg = Release|Any CPU
	EndGlobalSection
	GlobalSection(SolutionProperties) = preSolution
		HideSolutionNode = FALSE
	EndGlobalSection
EndGlobal
