
Microsoft Visual Studio Solution File, Format Version 11.00
# Visual Studio 2010
Project("{FAE04EC0-301F-11D3-BF4B-00C04F79EFBC}") = "System.Core.Quality", "System.Core.Quality\System.Core.Quality.csproj", "{A44E9D89-BFF2-41A4-AADC-3C2BDFDAEEB1}"
EndProject
Project("{FAE04EC0-301F-11D3-BF4B-00C04F79EFBC}") = "System.Core.Quality_ApplicationBus", "System.Core.Quality_ApplicationBus\System.Core.Quality_ApplicationBus.csproj", "{7F717114-B597-4B43-931A-529F696A549A}"
EndProject
Project("{FAE04EC0-301F-11D3-BF4B-00C04F79EFBC}") = "System.Core.Quality_Autofac", "System.Core.Quality_Autofac\System.Core.Quality_Autofac.csproj", "{3AB44594-75F2-4D20-8450-F3FA9D4DE763}"
EndProject
Project("{FAE04EC0-301F-11D3-BF4B-00C04F79EFBC}") = "System.Core.Quality_MassTransit", "System.Core.Quality_MassTransit\System.Core.Quality_MassTransit.csproj", "{5A21E242-E2BB-4F5F-838D-9FA893AECD6D}"
EndProject
Project("{FAE04EC0-301F-11D3-BF4B-00C04F79EFBC}") = "System.Core.Quality_Moq", "System.Core.Quality_Moq\System.Core.Quality_Moq.csproj", "{87A04E75-9495-4F07-8D85-22B8F1B52272}"
EndProject
Project("{FAE04EC0-301F-11D3-BF4B-00C04F79EFBC}") = "System.Core.Quality_Ninject", "System.Core.Quality_Ninject\System.Core.Quality_Ninject.csproj", "{03A4AE50-0401-4DDB-96E8-B90A5D64FA93}"
EndProject
Project("{FAE04EC0-301F-11D3-BF4B-00C04F79EFBC}") = "System.Core.Quality_NServiceBus", "System.Core.Quality_NServiceBus\System.Core.Quality_NServiceBus.csproj", "{BF36681D-4869-48B6-B2E9-F78430206F62}"
EndProject
Project("{FAE04EC0-301F-11D3-BF4B-00C04F79EFBC}") = "System.Core.Quality_NServiceBus.Tests", "System.Core.Quality_NServiceBus.Tests\System.Core.Quality_NServiceBus.Tests.csproj", "{16F09DB7-F92C-47D6-9FC0-64D79D7C6D79}"
EndProject
Project("{FAE04EC0-301F-11D3-BF4B-00C04F79EFBC}") = "System.Core.Quality_RhinoMocks", "System.Core.Quality_RhinoMocks\System.Core.Quality_RhinoMocks.csproj", "{46EDB3B4-66BD-478F-B610-6292DE12153E}"
EndProject
Project("{FAE04EC0-301F-11D3-BF4B-00C04F79EFBC}") = "System.Core.Quality_RhinoServiceBus", "System.Core.Quality_RhinoServiceBus\System.Core.Quality_RhinoServiceBus.csproj", "{2DF1514B-3B8C-4C52-85D6-59B2ED7DB245}"
EndProject
Project("{FAE04EC0-301F-11D3-BF4B-00C04F79EFBC}") = "System.Core.Quality_StructureMap", "System.Core.Quality_StructureMap\System.Core.Quality_StructureMap.csproj", "{48DC2445-A460-4B42-B175-10B0924B248C}"
EndProject
Project("{FAE04EC0-301F-11D3-BF4B-00C04F79EFBC}") = "System.Core.Quality_Unity", "System.Core.Quality_Unity\System.Core.Quality_Unity.csproj", "{21FCE5EA-3C6D-43D7-9984-1278307AB77E}"
EndProject
Project("{FAE04EC0-301F-11D3-BF4B-00C04F79EFBC}") = "System.Core.Quality_Windsor", "System.Core.Quality_Windsor\System.Core.Quality_Windsor.csproj", "{C03A8167-F65E-4271-978C-E72914C9C311}"
EndProject
Global
	GlobalSection(SolutionConfigurationPlatforms) = preSolution
		Debug|Any CPU = Debug|Any CPU
		Release|Any CPU = Release|Any CPU
	EndGlobalSection
	GlobalSection(ProjectConfigurationPlatforms) = postSolution
		{A44E9D89-BFF2-41A4-AADC-3C2BDFDAEEB1}.Debug|Any CPU.ActiveCfg = Debug|Any CPU
		{A44E9D89-BFF2-41A4-AADC-3C2BDFDAEEB1}.Debug|Any CPU.Build.0 = Debug|Any CPU
		{A44E9D89-BFF2-41A4-AADC-3C2BDFDAEEB1}.Release|Any CPU.ActiveCfg = Release|Any CPU
		{A44E9D89-BFF2-41A4-AADC-3C2BDFDAEEB1}.Release|Any CPU.Build.0 = Release|Any CPU
		{7F717114-B597-4B43-931A-529F696A549A}.Debug|Any CPU.ActiveCfg = Debug|Any CPU
		{7F717114-B597-4B43-931A-529F696A549A}.Debug|Any CPU.Build.0 = Debug|Any CPU
		{7F717114-B597-4B43-931A-529F696A549A}.Release|Any CPU.ActiveCfg = Release|Any CPU
		{7F717114-B597-4B43-931A-529F696A549A}.Release|Any CPU.Build.0 = Release|Any CPU
		{3AB44594-75F2-4D20-8450-F3FA9D4DE763}.Debug|Any CPU.ActiveCfg = Debug|Any CPU
		{3AB44594-75F2-4D20-8450-F3FA9D4DE763}.Debug|Any CPU.Build.0 = Debug|Any CPU
		{3AB44594-75F2-4D20-8450-F3FA9D4DE763}.Release|Any CPU.ActiveCfg = Release|Any CPU
		{3AB44594-75F2-4D20-8450-F3FA9D4DE763}.Release|Any CPU.Build.0 = Release|Any CPU
		{5A21E242-E2BB-4F5F-838D-9FA893AECD6D}.Debug|Any CPU.ActiveCfg = Debug|Any CPU
		{5A21E242-E2BB-4F5F-838D-9FA893AECD6D}.Debug|Any CPU.Build.0 = Debug|Any CPU
		{5A21E242-E2BB-4F5F-838D-9FA893AECD6D}.Release|Any CPU.ActiveCfg = Release|Any CPU
		{5A21E242-E2BB-4F5F-838D-9FA893AECD6D}.Release|Any CPU.Build.0 = Release|Any CPU
		{87A04E75-9495-4F07-8D85-22B8F1B52272}.Debug|Any CPU.ActiveCfg = Debug|Any CPU
		{87A04E75-9495-4F07-8D85-22B8F1B52272}.Debug|Any CPU.Build.0 = Debug|Any CPU
		{87A04E75-9495-4F07-8D85-22B8F1B52272}.Release|Any CPU.ActiveCfg = Release|Any CPU
		{87A04E75-9495-4F07-8D85-22B8F1B52272}.Release|Any CPU.Build.0 = Release|Any CPU
		{03A4AE50-0401-4DDB-96E8-B90A5D64FA93}.Debug|Any CPU.ActiveCfg = Debug|Any CPU
		{03A4AE50-0401-4DDB-96E8-B90A5D64FA93}.Debug|Any CPU.Build.0 = Debug|Any CPU
		{03A4AE50-0401-4DDB-96E8-B90A5D64FA93}.Release|Any CPU.ActiveCfg = Release|Any CPU
		{03A4AE50-0401-4DDB-96E8-B90A5D64FA93}.Release|Any CPU.Build.0 = Release|Any CPU
		{BF36681D-4869-48B6-B2E9-F78430206F62}.Debug|Any CPU.ActiveCfg = Debug|Any CPU
		{BF36681D-4869-48B6-B2E9-F78430206F62}.Debug|Any CPU.Build.0 = Debug|Any CPU
		{BF36681D-4869-48B6-B2E9-F78430206F62}.Release|Any CPU.ActiveCfg = Release|Any CPU
		{BF36681D-4869-48B6-B2E9-F78430206F62}.Release|Any CPU.Build.0 = Release|Any CPU
		{16F09DB7-F92C-47D6-9FC0-64D79D7C6D79}.Debug|Any CPU.ActiveCfg = Debug|Any CPU
		{16F09DB7-F92C-47D6-9FC0-64D79D7C6D79}.Debug|Any CPU.Build.0 = Debug|Any CPU
		{16F09DB7-F92C-47D6-9FC0-64D79D7C6D79}.Release|Any CPU.ActiveCfg = Release|Any CPU
		{16F09DB7-F92C-47D6-9FC0-64D79D7C6D79}.Release|Any CPU.Build.0 = Release|Any CPU
		{46EDB3B4-66BD-478F-B610-6292DE12153E}.Debug|Any CPU.ActiveCfg = Debug|Any CPU
		{46EDB3B4-66BD-478F-B610-6292DE12153E}.Debug|Any CPU.Build.0 = Debug|Any CPU
		{46EDB3B4-66BD-478F-B610-6292DE12153E}.Release|Any CPU.ActiveCfg = Release|Any CPU
		{46EDB3B4-66BD-478F-B610-6292DE12153E}.Release|Any CPU.Build.0 = Release|Any CPU
		{2DF1514B-3B8C-4C52-85D6-59B2ED7DB245}.Debug|Any CPU.ActiveCfg = Debug|Any CPU
		{2DF1514B-3B8C-4C52-85D6-59B2ED7DB245}.Debug|Any CPU.Build.0 = Debug|Any CPU
		{2DF1514B-3B8C-4C52-85D6-59B2ED7DB245}.Release|Any CPU.ActiveCfg = Release|Any CPU
		{2DF1514B-3B8C-4C52-85D6-59B2ED7DB245}.Release|Any CPU.Build.0 = Release|Any CPU
		{48DC2445-A460-4B42-B175-10B0924B248C}.Debug|Any CPU.ActiveCfg = Debug|Any CPU
		{48DC2445-A460-4B42-B175-10B0924B248C}.Debug|Any CPU.Build.0 = Debug|Any CPU
		{48DC2445-A460-4B42-B175-10B0924B248C}.Release|Any CPU.ActiveCfg = Release|Any CPU
		{48DC2445-A460-4B42-B175-10B0924B248C}.Release|Any CPU.Build.0 = Release|Any CPU
		{21FCE5EA-3C6D-43D7-9984-1278307AB77E}.Debug|Any CPU.ActiveCfg = Debug|Any CPU
		{21FCE5EA-3C6D-43D7-9984-1278307AB77E}.Debug|Any CPU.Build.0 = Debug|Any CPU
		{21FCE5EA-3C6D-43D7-9984-1278307AB77E}.Release|Any CPU.ActiveCfg = Release|Any CPU
		{21FCE5EA-3C6D-43D7-9984-1278307AB77E}.Release|Any CPU.Build.0 = Release|Any CPU
		{C03A8167-F65E-4271-978C-E72914C9C311}.Debug|Any CPU.ActiveCfg = Debug|Any CPU
		{C03A8167-F65E-4271-978C-E72914C9C311}.Debug|Any CPU.Build.0 = Debug|Any CPU
		{C03A8167-F65E-4271-978C-E72914C9C311}.Release|Any CPU.ActiveCfg = Release|Any CPU
		{C03A8167-F65E-4271-978C-E72914C9C311}.Release|Any CPU.Build.0 = Release|Any CPU
	EndGlobalSection
	GlobalSection(SolutionProperties) = preSolution
		HideSolutionNode = FALSE
	EndGlobalSection
EndGlobal
