
Microsoft Visual Studio Solution File, Format Version 10.00
# Visual Studio 2008
Project("{FAE04EC0-301F-11D3-BF4B-00C04F79EFBC}") = "System.Interop.MediaInfo", "System.Interop.MediaInfo\System.Interop.MediaInfo.csproj", "{DC149C28-D4A6-47C5-8B90-B7BBBE321EB1}"
EndProject
Global
	GlobalSection(SolutionConfigurationPlatforms) = preSolution
		Debug|Any CPU = Debug|Any CPU
		Release|Any CPU = Release|Any CPU
	EndGlobalSection
	GlobalSection(ProjectConfigurationPlatforms) = postSolution
		{DC149C28-D4A6-47C5-8B90-B7BBBE321EB1}.Debug|Any CPU.ActiveCfg = Debug|Any CPU
		{DC149C28-D4A6-47C5-8B90-B7BBBE321EB1}.Debug|Any CPU.Build.0 = Debug|Any CPU
		{DC149C28-D4A6-47C5-8B90-B7BBBE321EB1}.Release|Any CPU.ActiveCfg = Release|Any CPU
		{DC149C28-D4A6-47C5-8B90-B7BBBE321EB1}.Release|Any CPU.Build.0 = Release|Any CPU
	EndGlobalSection
	GlobalSection(SolutionProperties) = preSolution
		HideSolutionNode = FALSE
	EndGlobalSection
EndGlobal
