
Microsoft Visual Studio Solution File, Format Version 11.00
# Visual Studio 2010
Project("{FAE04EC0-301F-11D3-BF4B-00C04F79EFBC}") = "System.Integrate.MerchantGateway", "System.Integrate.MerchantGateway\System.Integrate.MerchantGateway.csproj", "{CF003DCB-9439-4310-97A0-E24F396F0B70}"
EndProject
Global
	GlobalSection(SolutionConfigurationPlatforms) = preSolution
		Debug|Any CPU = Debug|Any CPU
		Release|Any CPU = Release|Any CPU
	EndGlobalSection
	GlobalSection(ProjectConfigurationPlatforms) = postSolution
		{CF003DCB-9439-4310-97A0-E24F396F0B70}.Debug|Any CPU.ActiveCfg = Debug|Any CPU
		{CF003DCB-9439-4310-97A0-E24F396F0B70}.Debug|Any CPU.Build.0 = Debug|Any CPU
		{CF003DCB-9439-4310-97A0-E24F396F0B70}.Release|Any CPU.ActiveCfg = Release|Any CPU
		{CF003DCB-9439-4310-97A0-E24F396F0B70}.Release|Any CPU.Build.0 = Release|Any CPU
	EndGlobalSection
	GlobalSection(SolutionProperties) = preSolution
		HideSolutionNode = FALSE
	EndGlobalSection
EndGlobal
